
Microsoft Visual Studio Solution File, Format Version 12.00
# Visual Studio Version 16
VisualStudioVersion = 16.0.33423.256
MinimumVisualStudioVersion = 10.0.40219.1
Project("{FAE04EC0-301F-11D3-BF4B-00C04F79EFBC}") = "Task1_Shunting_Yard_Algorithm", "Task1_Shunting_Yard_Algorithm.csproj", "{50959171-44B6-4868-867A-6E2F556B9F85}"
EndProject
Global
	GlobalSection(SolutionConfigurationPlatforms) = preSolution
		Debug|Any CPU = Debug|Any CPU
		Release|Any CPU = Release|Any CPU
	EndGlobalSection
	GlobalSection(ProjectConfigurationPlatforms) = postSolution
		{50959171-44B6-4868-867A-6E2F556B9F85}.Debug|Any CPU.ActiveCfg = Debug|Any CPU
		{50959171-44B6-4868-867A-6E2F556B9F85}.Debug|Any CPU.Build.0 = Debug|Any CPU
		{50959171-44B6-4868-867A-6E2F556B9F85}.Release|Any CPU.ActiveCfg = Release|Any CPU
		{50959171-44B6-4868-867A-6E2F556B9F85}.Release|Any CPU.Build.0 = Release|Any CPU
	EndGlobalSection
	GlobalSection(SolutionProperties) = preSolution
		HideSolutionNode = FALSE
	EndGlobalSection
	GlobalSection(ExtensibilityGlobals) = postSolution
		SolutionGuid = {2DCACA54-8AE2-4F0F-A8D9-0EFB7451A54D}
	EndGlobalSection
EndGlobal
